{
  "name": "chrome-extension-amazon-url-shortener",
  "version": "0.1.2",
  "lockfileVersion": 3,
  "requires": true,
  "packages": {
    "": {
      "name": "chrome-extension-amazon-url-shortener",
      "version": "0.1.2",
      "license": "UNLICENSED",
      "devDependencies": {
        "@biomejs/biome": "2.2.2"
      },
      "engines": {
        "node": "24.x",
        "npm": "11.x"
      }
    },
    "node_modules/@biomejs/biome": {
      "version": "2.2.2",
      "dev": true,
      "license": "MIT OR Apache-2.0",
      "bin": {
        "biome": "bin/biome"
      },
      "engines": {
        "node": ">=14.21.3"
      },
      "funding": {
        "type": "opencollective",
        "url": "https://opencollective.com/biome"
      },
      "optionalDependencies": {
        "@biomejs/cli-darwin-arm64": "2.2.2",
        "@biomejs/cli-darwin-x64": "2.2.2",
        "@biomejs/cli-linux-arm64": "2.2.2",
        "@biomejs/cli-linux-arm64-musl": "2.2.2",
        "@biomejs/cli-linux-x64": "2.2.2",
        "@biomejs/cli-linux-x64-musl": "2.2.2",
        "@biomejs/cli-win32-arm64": "2.2.2",
        "@biomejs/cli-win32-x64": "2.2.2"
      }
    },
    "node_modules/@biomejs/cli-linux-x64": {
      "version": "2.2.2",
      "cpu": [
        "x64"
      ],
      "dev": true,
      "license": "MIT OR Apache-2.0",
      "optional": true,
      "os": [
        "linux"
      ],
      "engines": {
        "node": ">=14.21.3"
      }
    }
  }
}
